<?xml version="1.0" encoding="utf-8"?>
<Project ToolsVersion="17.0" xmlns="http://schemas.microsoft.com/developer/msbuild/2003">
  <ItemGroup>
    <ClCompile Include="C:\Users\moz04\Desktop\GameDevelopment\iLuma\app\src\main.cpp">
      <Filter>Source Files</Filter>
    </ClCompile>
  </ItemGroup>
  <ItemGroup>
    <CustomBuild Include="C:\Users\moz04\Desktop\GameDevelopment\iLuma\CMakeLists.txt" />
  </ItemGroup>
  <ItemGroup>
    <Filter Include="Source Files">
      <UniqueIdentifier>{B9892E2B-B31D-3817-A761-C6D4D963521A}</UniqueIdentifier>
    </Filter>
  </ItemGroup>
</Project>
